
Microsoft Visual Studio Solution File, Format Version 12.00
# Visual Studio 15
VisualStudioVersion = 15.0.28010.2046
MinimumVisualStudioVersion = 10.0.40219.1
Project("{FAE04EC0-301F-11D3-BF4B-00C04F79EFBC}") = "AlgorithmsLib", "NET1.A.2018.Gutovec.3\AlgorithmsLib.csproj", "{7CE46EA2-1E63-416D-BB61-51F017D2F174}"
EndProject
Project("{FAE04EC0-301F-11D3-BF4B-00C04F79EFBC}") = "AlgorithmsLib.Tests", "AlgorithmsLib.Tests\AlgorithmsLib.Tests.csproj", "{A405362F-DBA5-4CFD-B9D5-DEE336486CB9}"
EndProject
Project("{FAE04EC0-301F-11D3-BF4B-00C04F79EFBC}") = "AlgorithmsLib.NUnit.Tests", "AlgorithmsLib.NUnit.Tests\AlgorithmsLib.NUnit.Tests.csproj", "{A3A9ED7D-35BE-412C-84C0-E3D6FF5EC220}"
EndProject
Global
	GlobalSection(SolutionConfigurationPlatforms) = preSolution
		Debug|Any CPU = Debug|Any CPU
		Release|Any CPU = Release|Any CPU
	EndGlobalSection
	GlobalSection(ProjectConfigurationPlatforms) = postSolution
		{7CE46EA2-1E63-416D-BB61-51F017D2F174}.Debug|Any CPU.ActiveCfg = Debug|Any CPU
		{7CE46EA2-1E63-416D-BB61-51F017D2F174}.Debug|Any CPU.Build.0 = Debug|Any CPU
		{7CE46EA2-1E63-416D-BB61-51F017D2F174}.Release|Any CPU.ActiveCfg = Release|Any CPU
		{7CE46EA2-1E63-416D-BB61-51F017D2F174}.Release|Any CPU.Build.0 = Release|Any CPU
		{A405362F-DBA5-4CFD-B9D5-DEE336486CB9}.Debug|Any CPU.ActiveCfg = Debug|Any CPU
		{A405362F-DBA5-4CFD-B9D5-DEE336486CB9}.Debug|Any CPU.Build.0 = Debug|Any CPU
		{A405362F-DBA5-4CFD-B9D5-DEE336486CB9}.Release|Any CPU.ActiveCfg = Release|Any CPU
		{A405362F-DBA5-4CFD-B9D5-DEE336486CB9}.Release|Any CPU.Build.0 = Release|Any CPU
		{A3A9ED7D-35BE-412C-84C0-E3D6FF5EC220}.Debug|Any CPU.ActiveCfg = Debug|Any CPU
		{A3A9ED7D-35BE-412C-84C0-E3D6FF5EC220}.Debug|Any CPU.Build.0 = Debug|Any CPU
		{A3A9ED7D-35BE-412C-84C0-E3D6FF5EC220}.Release|Any CPU.ActiveCfg = Release|Any CPU
		{A3A9ED7D-35BE-412C-84C0-E3D6FF5EC220}.Release|Any CPU.Build.0 = Release|Any CPU
	EndGlobalSection
	GlobalSection(SolutionProperties) = preSolution
		HideSolutionNode = FALSE
	EndGlobalSection
	GlobalSection(ExtensibilityGlobals) = postSolution
		SolutionGuid = {B5B2F605-EF68-4DFB-A656-FE7B015C0596}
	EndGlobalSection
EndGlobal
